
Microsoft Visual Studio Solution File, Format Version 12.00
# Visual Studio Version 16
VisualStudioVersion = 16.0.33920.266
MinimumVisualStudioVersion = 10.0.40219.1
Project("{FAE04EC0-301F-11D3-BF4B-00C04F79EFBC}") = "connection", "connection\connection.csproj", "{C8E448F6-AB4E-46C2-A85E-74E52E8545A6}"
EndProject
Global
	GlobalSection(SolutionConfigurationPlatforms) = preSolution
		Debug|Any CPU = Debug|Any CPU
		Release|Any CPU = Release|Any CPU
	EndGlobalSection
	GlobalSection(ProjectConfigurationPlatforms) = postSolution
		{C8E448F6-AB4E-46C2-A85E-74E52E8545A6}.Debug|Any CPU.ActiveCfg = Debug|Any CPU
		{C8E448F6-AB4E-46C2-A85E-74E52E8545A6}.Debug|Any CPU.Build.0 = Debug|Any CPU
		{C8E448F6-AB4E-46C2-A85E-74E52E8545A6}.Release|Any CPU.ActiveCfg = Release|Any CPU
		{C8E448F6-AB4E-46C2-A85E-74E52E8545A6}.Release|Any CPU.Build.0 = Release|Any CPU
	EndGlobalSection
	GlobalSection(SolutionProperties) = preSolution
		HideSolutionNode = FALSE
	EndGlobalSection
	GlobalSection(ExtensibilityGlobals) = postSolution
		SolutionGuid = {6828CB11-7930-4687-8296-0D74924B6BB8}
	EndGlobalSection
EndGlobal
